// !$*UTF8*$!
{
	archiveVersion = 1;
	classes = {
	};
	objectVersion = 77;
	objects = {

/* Begin PBXContainerItemProxy section */
		617DF1DA2DEAE94C009C26A8 /* PBXContainerItemProxy */ = {
			isa = PBXContainerItemProxy;
			containerPortal = 617DF1C32DEAE94B009C26A8 /* Project object */;
			proxyType = 1;
			remoteGlobalIDString = 617DF1CA2DEAE94B009C26A8;
			remoteInfo = SwiftLight;
		};
		617DF1E42DEAE94C009C26A8 /* PBXContainerItemProxy */ = {
			isa = PBXContainerItemProxy;
			containerPortal = 617DF1C32DEAE94B009C26A8 /* Project object */;
			proxyType = 1;
			remoteGlobalIDString = 617DF1CA2DEAE94B009C26A8;
			remoteInfo = SwiftLight;
		};
/* End PBXContainerItemProxy section */

/* Begin PBXFileReference section */
		617DF1D92DEAE94C009C26A8 /* SwiftLightTests.xctest */ = {isa = PBXFileReference; explicitFileType = wrapper.cfbundle; includeInIndex = 0; name = SwiftLightTests.xctest; path = /Users/folt/Documents/xcodee/SwiftLight/build/Debug/SwiftLight.app/Contents/PlugIns/SwiftLightTests.xctest; sourceTree = "<absolute>"; };
		617DF1E32DEAE94C009C26A8 /* SwiftLightUITests.xctest */ = {isa = PBXFileReference; explicitFileType = wrapper.cfbundle; includeInIndex = 0; name = SwiftLightUITests.xctest; path = "/Users/folt/Documents/xcodee/SwiftLight/build/Debug/SwiftLightUITests-Runner.app/Contents/PlugIns/SwiftLightUITests.xctest"; sourceTree = "<absolute>"; };
		61BB9DD72DEB613000354291 /* SwiftLight.app */ = {isa = PBXFileReference; explicitFileType = wrapper.application; includeInIndex = 0; path = SwiftLight.app; sourceTree = BUILT_PRODUCTS_DIR; };
/* End PBXFileReference section */

/* Begin PBXFileSystemSynchronizedRootGroup section */
		617DF1CD2DEAE94B009C26A8 /* SwiftLight */ = {
			isa = PBXFileSystemSynchronizedRootGroup;
			path = SwiftLight;
			sourceTree = "<group>";
		};
		617DF1F82DEAE961009C26A8 /* Utils */ = {
			isa = PBXFileSystemSynchronizedRootGroup;
			path = Utils;
			sourceTree = "<group>";
		};
/* End PBXFileSystemSynchronizedRootGroup section */

/* Begin PBXFrameworksBuildPhase section */
		617DF1C82DEAE94B009C26A8 /* Frameworks */ = {
			isa = PBXFrameworksBuildPhase;
			buildActionMask = 2147483647;
			files = (
			);
			runOnlyForDeploymentPostprocessing = 0;
		};
		617DF1D62DEAE94C009C26A8 /* Frameworks */ = {
			isa = PBXFrameworksBuildPhase;
			buildActionMask = 2147483647;
			files = (
			);
			runOnlyForDeploymentPostprocessing = 0;
		};
		617DF1E02DEAE94C009C26A8 /* Frameworks */ = {
			isa = PBXFrameworksBuildPhase;
			buildActionMask = 2147483647;
			files = (
			);
			runOnlyForDeploymentPostprocessing = 0;
		};
/* End PBXFrameworksBuildPhase section */

/* Begin PBXGroup section */
		617DF1C22DEAE94B009C26A8 = {
			isa = PBXGroup;
			children = (
				617DF1CD2DEAE94B009C26A8 /* SwiftLight */,
				617DF1F82DEAE961009C26A8 /* Utils */,
				61BB9DD72DEB613000354291 /* SwiftLight.app */,
			);
			sourceTree = "<group>";
		};
/* End PBXGroup section */

/* Begin PBXNativeTarget section */
		617DF1CA2DEAE94B009C26A8 /* SwiftLight */ = {
			isa = PBXNativeTarget;
			buildConfigurationList = 617DF1ED2DEAE94C009C26A8 /* Build configuration list for PBXNativeTarget "SwiftLight" */;
			buildPhases = (
				617DF1C72DEAE94B009C26A8 /* Sources */,
				617DF1C82DEAE94B009C26A8 /* Frameworks */,
				617DF1C92DEAE94B009C26A8 /* Resources */,
			);
			buildRules = (
			);
			dependencies = (
			);
			fileSystemSynchronizedGroups = (
				617DF1CD2DEAE94B009C26A8 /* SwiftLight */,
				617DF1F82DEAE961009C26A8 /* Utils */,
			);
			name = SwiftLight;
			packageProductDependencies = (
			);
			productName = SwiftLight;
			productReference = 61BB9DD72DEB613000354291 /* SwiftLight.app */;
			productType = "com.apple.product-type.application";
		};
		617DF1D82DEAE94C009C26A8 /* SwiftLightTests */ = {
			isa = PBXNativeTarget;
			buildConfigurationList = 617DF1F02DEAE94C009C26A8 /* Build configuration list for PBXNativeTarget "SwiftLightTests" */;
			buildPhases = (
				617DF1D52DEAE94C009C26A8 /* Sources */,
				617DF1D62DEAE94C009C26A8 /* Frameworks */,
				617DF1D72DEAE94C009C26A8 /* Resources */,
			);
			buildRules = (
			);
			dependencies = (
				617DF1DB2DEAE94C009C26A8 /* PBXTargetDependency */,
			);
			name = SwiftLightTests;
			packageProductDependencies = (
			);
			productName = SwiftLightTests;
			productReference = 617DF1D92DEAE94C009C26A8 /* SwiftLightTests.xctest */;
			productType = "com.apple.product-type.bundle.unit-test";
		};
		617DF1E22DEAE94C009C26A8 /* SwiftLightUITests */ = {
			isa = PBXNativeTarget;
			buildConfigurationList = 617DF1F32DEAE94C009C26A8 /* Build configuration list for PBXNativeTarget "SwiftLightUITests" */;
			buildPhases = (
				617DF1DF2DEAE94C009C26A8 /* Sources */,
				617DF1E02DEAE94C009C26A8 /* Frameworks */,
				617DF1E12DEAE94C009C26A8 /* Resources */,
			);
			buildRules = (
			);
			dependencies = (
				617DF1E52DEAE94C009C26A8 /* PBXTargetDependency */,
			);
			name = SwiftLightUITests;
			packageProductDependencies = (
			);
			productName = SwiftLightUITests;
			productReference = 617DF1E32DEAE94C009C26A8 /* SwiftLightUITests.xctest */;
			productType = "com.apple.product-type.bundle.ui-testing";
		};
/* End PBXNativeTarget section */

/* Begin PBXProject section */
		617DF1C32DEAE94B009C26A8 /* Project object */ = {
			isa = PBXProject;
			attributes = {
				BuildIndependentTargetsInParallel = 1;
				LastSwiftUpdateCheck = 1630;
				LastUpgradeCheck = 1630;
				TargetAttributes = {
					617DF1CA2DEAE94B009C26A8 = {
						CreatedOnToolsVersion = 16.3;
					};
					617DF1D82DEAE94C009C26A8 = {
						CreatedOnToolsVersion = 16.3;
						TestTargetID = 617DF1CA2DEAE94B009C26A8;
					};
					617DF1E22DEAE94C009C26A8 = {
						CreatedOnToolsVersion = 16.3;
						TestTargetID = 617DF1CA2DEAE94B009C26A8;
					};
				};
			};
			buildConfigurationList = 617DF1C62DEAE94B009C26A8 /* Build configuration list for PBXProject "SwiftLight" */;
			developmentRegion = en;
			hasScannedForEncodings = 0;
			knownRegions = (
				en,
				Base,
			);
			mainGroup = 617DF1C22DEAE94B009C26A8;
			minimizedProjectReferenceProxies = 1;
			preferredProjectObjectVersion = 77;
			productRefGroup = 617DF1C22DEAE94B009C26A8;
			projectDirPath = "";
			projectRoot = "";
			targets = (
				617DF1CA2DEAE94B009C26A8 /* SwiftLight */,
				617DF1D82DEAE94C009C26A8 /* SwiftLightTests */,
				617DF1E22DEAE94C009C26A8 /* SwiftLightUITests */,
			);
		};
/* End PBXProject section */

/* Begin PBXResourcesBuildPhase section */
		617DF1C92DEAE94B009C26A8 /* Resources */ = {
			isa = PBXResourcesBuildPhase;
			buildActionMask = 2147483647;
			files = (
			);
			runOnlyForDeploymentPostprocessing = 0;
		};
		617DF1D72DEAE94C009C26A8 /* Resources */ = {
			isa = PBXResourcesBuildPhase;
			buildActionMask = 2147483647;
			files = (
			);
			runOnlyForDeploymentPostprocessing = 0;
		};
		617DF1E12DEAE94C009C26A8 /* Resources */ = {
			isa = PBXResourcesBuildPhase;
			buildActionMask = 2147483647;
			files = (
			);
			runOnlyForDeploymentPostprocessing = 0;
		};
/* End PBXResourcesBuildPhase section */

/* Begin PBXSourcesBuildPhase section */
		617DF1C72DEAE94B009C26A8 /* Sources */ = {
			isa = PBXSourcesBuildPhase;
			buildActionMask = 2147483647;
			files = (
			);
			runOnlyForDeploymentPostprocessing = 0;
		};
		617DF1D52DEAE94C009C26A8 /* Sources */ = {
			isa = PBXSourcesBuildPhase;
			buildActionMask = 2147483647;
			files = (
			);
			runOnlyForDeploymentPostprocessing = 0;
		};
		617DF1DF2DEAE94C009C26A8 /* Sources */ = {
			isa = PBXSourcesBuildPhase;
			buildActionMask = 2147483647;
			files = (
			);
			runOnlyForDeploymentPostprocessing = 0;
		};
/* End PBXSourcesBuildPhase section */

/* Begin PBXTargetDependency section */
		617DF1DB2DEAE94C009C26A8 /* PBXTargetDependency */ = {
			isa = PBXTargetDependency;
			target = 617DF1CA2DEAE94B009C26A8 /* SwiftLight */;
			targetProxy = 617DF1DA2DEAE94C009C26A8 /* PBXContainerItemProxy */;
		};
		617DF1E52DEAE94C009C26A8 /* PBXTargetDependency */ = {
			isa = PBXTargetDependency;
			target = 617DF1CA2DEAE94B009C26A8 /* SwiftLight */;
			targetProxy = 617DF1E42DEAE94C009C26A8 /* PBXContainerItemProxy */;
		};
/* End PBXTargetDependency section */

/* Begin XCBuildConfiguration section */
		617DF1EB2DEAE94C009C26A8 /* Debug */ = {
			isa = XCBuildConfiguration;
			buildSettings = {
				ALWAYS_SEARCH_USER_PATHS = NO;
				ASSETCATALOG_COMPILER_GENERATE_SWIFT_ASSET_SYMBOL_EXTENSIONS = YES;
				CLANG_ANALYZER_NONNULL = YES;
				CLANG_ANALYZER_NUMBER_OBJECT_CONVERSION = YES_AGGRESSIVE;
				CLANG_CXX_LANGUAGE_STANDARD = "gnu++20";
				CLANG_ENABLE_MODULES = YES;
				CLANG_ENABLE_OBJC_ARC = YES;
				CLANG_ENABLE_OBJC_WEAK = YES;
				CLANG_WARN_BLOCK_CAPTURE_AUTORELEASING = YES;
				CLANG_WARN_BOOL_CONVERSION = YES;
				CLANG_WARN_COMMA = YES;
				CLANG_WARN_CONSTANT_CONVERSION = YES;
				CLANG_WARN_DEPRECATED_OBJC_IMPLEMENTATIONS = YES;
				CLANG_WARN_DIRECT_OBJC_ISA_USAGE = YES_ERROR;
				CLANG_WARN_DOCUMENTATION_COMMENTS = YES;
				CLANG_WARN_EMPTY_BODY = YES;
				CLANG_WARN_ENUM_CONVERSION = YES;
				CLANG_WARN_INFINITE_RECURSION = YES;
				CLANG_WARN_INT_CONVERSION = YES;
				CLANG_WARN_NON_LITERAL_NULL_CONVERSION = YES;
				CLANG_WARN_OBJC_IMPLICIT_RETAIN_SELF = YES;
				CLANG_WARN_OBJC_LITERAL_CONVERSION = YES;
				CLANG_WARN_OBJC_ROOT_CLASS = YES_ERROR;
				CLANG_WARN_QUOTED_INCLUDE_IN_FRAMEWORK_HEADER = YES;
				CLANG_WARN_RANGE_LOOP_ANALYSIS = YES;
				CLANG_WARN_STRICT_PROTOTYPES = YES;
				CLANG_WARN_SUSPICIOUS_MOVE = YES;
				CLANG_WARN_UNGUARDED_AVAILABILITY = YES_AGGRESSIVE;
				CLANG_WARN_UNREACHABLE_CODE = YES;
				CLANG_WARN__DUPLICATE_METHOD_MATCH = YES;
				COPY_PHASE_STRIP = NO;
				DEBUG_INFORMATION_FORMAT = dwarf;
				DEVELOPMENT_TEAM = 86UB85V5F6;
				ENABLE_STRICT_OBJC_MSGSEND = YES;
				ENABLE_TESTABILITY = YES;
				ENABLE_USER_SCRIPT_SANDBOXING = YES;
				GCC_C_LANGUAGE_STANDARD = gnu17;
				GCC_DYNAMIC_NO_PIC = NO;
				GCC_NO_COMMON_BLOCKS = YES;
				GCC_OPTIMIZATION_LEVEL = 0;
				GCC_PREPROCESSOR_DEFINITIONS = (
					"DEBUG=1",
					"$(inherited)",
				);
				GCC_WARN_64_TO_32_BIT_CONVERSION = YES;
				GCC_WARN_ABOUT_RETURN_TYPE = YES_ERROR;
				GCC_WARN_UNDECLARED_SELECTOR = YES;
				GCC_WARN_UNINITIALIZED_AUTOS = YES_AGGRESSIVE;
				GCC_WARN_UNUSED_FUNCTION = YES;
				GCC_WARN_UNUSED_VARIABLE = YES;
				LOCALIZATION_PREFERS_STRING_CATALOGS = YES;
				MACOSX_DEPLOYMENT_TARGET = 15.4;
				MTL_ENABLE_DEBUG_INFO = INCLUDE_SOURCE;
				MTL_FAST_MATH = YES;
				ONLY_ACTIVE_ARCH = YES;
				SDKROOT = macosx;
				SWIFT_ACTIVE_COMPILATION_CONDITIONS = "DEBUG $(inherited)";
				SWIFT_OPTIMIZATION_LEVEL = "-Onone";
			};
			name = Debug;
		};
		617DF1EC2DEAE94C009C26A8 /* Release */ = {
			isa = XCBuildConfiguration;
			buildSettings = {
				ALWAYS_SEARCH_USER_PATHS = NO;
				ASSETCATALOG_COMPILER_GENERATE_SWIFT_ASSET_SYMBOL_EXTENSIONS = YES;
				CLANG_ANALYZER_NONNULL = YES;
				CLANG_ANALYZER_NUMBER_OBJECT_CONVERSION = YES_AGGRESSIVE;
				CLANG_CXX_LANGUAGE_STANDARD = "gnu++20";
				CLANG_ENABLE_MODULES = YES;
				CLANG_ENABLE_OBJC_ARC = YES;
				CLANG_ENABLE_OBJC_WEAK = YES;
				CLANG_WARN_BLOCK_CAPTURE_AUTORELEASING = YES;
				CLANG_WARN_BOOL_CONVERSION = YES;
				CLANG_WARN_COMMA = YES;
				CLANG_WARN_CONSTANT_CONVERSION = YES;
				CLANG_WARN_DEPRECATED_OBJC_IMPLEMENTATIONS = YES;
				CLANG_WARN_DIRECT_OBJC_ISA_USAGE = YES_ERROR;
				CLANG_WARN_DOCUMENTATION_COMMENTS = YES;
				CLANG_WARN_EMPTY_BODY = YES;
				CLANG_WARN_ENUM_CONVERSION = YES;
				CLANG_WARN_INFINITE_RECURSION = YES;
				CLANG_WARN_INT_CONVERSION = YES;
				CLANG_WARN_NON_LITERAL_NULL_CONVERSION = YES;
				CLANG_WARN_OBJC_IMPLICIT_RETAIN_SELF = YES;
				CLANG_WARN_OBJC_LITERAL_CONVERSION = YES;
				CLANG_WARN_OBJC_ROOT_CLASS = YES_ERROR;
				CLANG_WARN_QUOTED_INCLUDE_IN_FRAMEWORK_HEADER = YES;
				CLANG_WARN_RANGE_LOOP_ANALYSIS = YES;
				CLANG_WARN_STRICT_PROTOTYPES = YES;
				CLANG_WARN_SUSPICIOUS_MOVE = YES;
				CLANG_WARN_UNGUARDED_AVAILABILITY = YES_AGGRESSIVE;
				CLANG_WARN_UNREACHABLE_CODE = YES;
				CLANG_WARN__DUPLICATE_METHOD_MATCH = YES;
				COPY_PHASE_STRIP = NO;
				DEBUG_INFORMATION_FORMAT = "dwarf-with-dsym";
				DEVELOPMENT_TEAM = 86UB85V5F6;
				ENABLE_NS_ASSERTIONS = NO;
				ENABLE_STRICT_OBJC_MSGSEND = YES;
				ENABLE_USER_SCRIPT_SANDBOXING = YES;
				GCC_C_LANGUAGE_STANDARD = gnu17;
				GCC_NO_COMMON_BLOCKS = YES;
				GCC_WARN_64_TO_32_BIT_CONVERSION = YES;
				GCC_WARN_ABOUT_RETURN_TYPE = YES_ERROR;
				GCC_WARN_UNDECLARED_SELECTOR = YES;
				GCC_WARN_UNINITIALIZED_AUTOS = YES_AGGRESSIVE;
				GCC_WARN_UNUSED_FUNCTION = YES;
				GCC_WARN_UNUSED_VARIABLE = YES;
				LOCALIZATION_PREFERS_STRING_CATALOGS = YES;
				MACOSX_DEPLOYMENT_TARGET = 15.4;
				MTL_ENABLE_DEBUG_INFO = NO;
				MTL_FAST_MATH = YES;
				SDKROOT = macosx;
				SWIFT_COMPILATION_MODE = wholemodule;
			};
			name = Release;
		};
		617DF1EE2DEAE94C009C26A8 /* Debug */ = {
			isa = XCBuildConfiguration;
			buildSettings = {
				ASSETCATALOG_COMPILER_APPICON_NAME = AppIcon;
				ASSETCATALOG_COMPILER_GLOBAL_ACCENT_COLOR_NAME = AccentColor;
				CODE_SIGN_ENTITLEMENTS = SwiftLight/SwiftLight.entitlements;
				CODE_SIGN_STYLE = Automatic;
				COMBINE_HIDPI_IMAGES = YES;
				CURRENT_PROJECT_VERSION = 1;
				DEVELOPMENT_TEAM = 86UB85V5F6;
				ENABLE_HARDENED_RUNTIME = YES;
				ENABLE_PREVIEWS = YES;
				GENERATE_INFOPLIST_FILE = YES;
				INFOPLIST_KEY_NSHumanReadableCopyright = "";
				LD_RUNPATH_SEARCH_PATHS = (
					"$(inherited)",
					"@executable_path/../Frameworks",
				);
				MACOSX_DEPLOYMENT_TARGET = 13.5;
				MARKETING_VERSION = 1.0;
				PRODUCT_BUNDLE_IDENTIFIER = com.folt.SwiftLight;
				PRODUCT_NAME = "$(TARGET_NAME)";
				REGISTER_APP_GROUPS = YES;
				SWIFT_EMIT_LOC_STRINGS = YES;
				SWIFT_VERSION = 5.0;
			};
			name = Debug;
		};
		617DF1EF2DEAE94C009C26A8 /* Release */ = {
			isa = XCBuildConfiguration;
			buildSettings = {
				ASSETCATALOG_COMPILER_APPICON_NAME = AppIcon;
				ASSETCATALOG_COMPILER_GLOBAL_ACCENT_COLOR_NAME = AccentColor;
				CODE_SIGN_ENTITLEMENTS = SwiftLight/SwiftLight.entitlements;
				CODE_SIGN_STYLE = Automatic;
				COMBINE_HIDPI_IMAGES = YES;
				CURRENT_PROJECT_VERSION = 1;
				DEVELOPMENT_TEAM = 86UB85V5F6;
				ENABLE_HARDENED_RUNTIME = YES;
				ENABLE_PREVIEWS = YES;
				GENERATE_INFOPLIST_FILE = YES;
				INFOPLIST_KEY_NSHumanReadableCopyright = "";
				LD_RUNPATH_SEARCH_PATHS = (
					"$(inherited)",
					"@executable_path/../Frameworks",
				);
				MACOSX_DEPLOYMENT_TARGET = 13.5;
				MARKETING_VERSION = 1.0;
				PRODUCT_BUNDLE_IDENTIFIER = com.folt.SwiftLight;
				PRODUCT_NAME = "$(TARGET_NAME)";
				REGISTER_APP_GROUPS = YES;
				SWIFT_EMIT_LOC_STRINGS = YES;
				SWIFT_VERSION = 5.0;
			};
			name = Release;
		};
		617DF1F12DEAE94C009C26A8 /* Debug */ = {
			isa = XCBuildConfiguration;
			buildSettings = {
				BUNDLE_LOADER = "$(TEST_HOST)";
				CODE_SIGN_STYLE = Automatic;
				CURRENT_PROJECT_VERSION = 1;
				DEVELOPMENT_TEAM = 86UB85V5F6;
				GENERATE_INFOPLIST_FILE = YES;
				MACOSX_DEPLOYMENT_TARGET = 15.4;
				MARKETING_VERSION = 1.0;
				PRODUCT_BUNDLE_IDENTIFIER = com.folt.SwiftLightTests;
				PRODUCT_NAME = "$(TARGET_NAME)";
				SWIFT_EMIT_LOC_STRINGS = NO;
				SWIFT_VERSION = 5.0;
				TEST_HOST = "$(BUILT_PRODUCTS_DIR)/SwiftLight.app/$(BUNDLE_EXECUTABLE_FOLDER_PATH)/SwiftLight";
			};
			name = Debug;
		};
		617DF1F22DEAE94C009C26A8 /* Release */ = {
			isa = XCBuildConfiguration;
			buildSettings = {
				BUNDLE_LOADER = "$(TEST_HOST)";
				CODE_SIGN_STYLE = Automatic;
				CURRENT_PROJECT_VERSION = 1;
				DEVELOPMENT_TEAM = 86UB85V5F6;
				GENERATE_INFOPLIST_FILE = YES;
				MACOSX_DEPLOYMENT_TARGET = 15.4;
				MARKETING_VERSION = 1.0;
				PRODUCT_BUNDLE_IDENTIFIER = com.folt.SwiftLightTests;
				PRODUCT_NAME = "$(TARGET_NAME)";
				SWIFT_EMIT_LOC_STRINGS = NO;
				SWIFT_VERSION = 5.0;
				TEST_HOST = "$(BUILT_PRODUCTS_DIR)/SwiftLight.app/$(BUNDLE_EXECUTABLE_FOLDER_PATH)/SwiftLight";
			};
			name = Release;
		};
		617DF1F42DEAE94C009C26A8 /* Debug */ = {
			isa = XCBuildConfiguration;
			buildSettings = {
				CODE_SIGN_STYLE = Automatic;
				CURRENT_PROJECT_VERSION = 1;
				DEVELOPMENT_TEAM = 86UB85V5F6;
				GENERATE_INFOPLIST_FILE = YES;
				MARKETING_VERSION = 1.0;
				PRODUCT_BUNDLE_IDENTIFIER = com.folt.SwiftLightUITests;
				PRODUCT_NAME = "$(TARGET_NAME)";
				SWIFT_EMIT_LOC_STRINGS = NO;
				SWIFT_VERSION = 5.0;
				TEST_TARGET_NAME = SwiftLight;
			};
			name = Debug;
		};
		617DF1F52DEAE94C009C26A8 /* Release */ = {
			isa = XCBuildConfiguration;
			buildSettings = {
				CODE_SIGN_STYLE = Automatic;
				CURRENT_PROJECT_VERSION = 1;
				DEVELOPMENT_TEAM = 86UB85V5F6;
				GENERATE_INFOPLIST_FILE = YES;
				MARKETING_VERSION = 1.0;
				PRODUCT_BUNDLE_IDENTIFIER = com.folt.SwiftLightUITests;
				PRODUCT_NAME = "$(TARGET_NAME)";
				SWIFT_EMIT_LOC_STRINGS = NO;
				SWIFT_VERSION = 5.0;
				TEST_TARGET_NAME = SwiftLight;
			};
			name = Release;
		};
/* End XCBuildConfiguration section */

/* Begin XCConfigurationList section */
		617DF1C62DEAE94B009C26A8 /* Build configuration list for PBXProject "SwiftLight" */ = {
			isa = XCConfigurationList;
			buildConfigurations = (
				617DF1EB2DEAE94C009C26A8 /* Debug */,
				617DF1EC2DEAE94C009C26A8 /* Release */,
			);
			defaultConfigurationIsVisible = 0;
			defaultConfigurationName = Release;
		};
		617DF1ED2DEAE94C009C26A8 /* Build configuration list for PBXNativeTarget "SwiftLight" */ = {
			isa = XCConfigurationList;
			buildConfigurations = (
				617DF1EE2DEAE94C009C26A8 /* Debug */,
				617DF1EF2DEAE94C009C26A8 /* Release */,
			);
			defaultConfigurationIsVisible = 0;
			defaultConfigurationName = Release;
		};
		617DF1F02DEAE94C009C26A8 /* Build configuration list for PBXNativeTarget "SwiftLightTests" */ = {
			isa = XCConfigurationList;
			buildConfigurations = (
				617DF1F12DEAE94C009C26A8 /* Debug */,
				617DF1F22DEAE94C009C26A8 /* Release */,
			);
			defaultConfigurationIsVisible = 0;
			defaultConfigurationName = Release;
		};
		617DF1F32DEAE94C009C26A8 /* Build configuration list for PBXNativeTarget "SwiftLightUITests" */ = {
			isa = XCConfigurationList;
			buildConfigurations = (
				617DF1F42DEAE94C009C26A8 /* Debug */,
				617DF1F52DEAE94C009C26A8 /* Release */,
			);
			defaultConfigurationIsVisible = 0;
			defaultConfigurationName = Release;
		};
/* End XCConfigurationList section */
	};
	rootObject = 617DF1C32DEAE94B009C26A8 /* Project object */;
}
